
Microsoft Visual Studio Solution File, Format Version 12.00
# Visual Studio Version 17
VisualStudioVersion = 17.3.32929.385
MinimumVisualStudioVersion = 10.0.40219.1
Project("{FAE04EC0-301F-11D3-BF4B-00C04F79EFBC}") = "InterfaceAnimalExample", "InterfaceAnimalExample\InterfaceAnimalExample.csproj", "{B186F5FC-5B4A-4517-96E3-ED0F3DCADE2F}"
EndProject
Global
	GlobalSection(SolutionConfigurationPlatforms) = preSolution
		Debug|Any CPU = Debug|Any CPU
		Release|Any CPU = Release|Any CPU
	EndGlobalSection
	GlobalSection(ProjectConfigurationPlatforms) = postSolution
		{B186F5FC-5B4A-4517-96E3-ED0F3DCADE2F}.Debug|Any CPU.ActiveCfg = Debug|Any CPU
		{B186F5FC-5B4A-4517-96E3-ED0F3DCADE2F}.Debug|Any CPU.Build.0 = Debug|Any CPU
		{B186F5FC-5B4A-4517-96E3-ED0F3DCADE2F}.Release|Any CPU.ActiveCfg = Release|Any CPU
		{B186F5FC-5B4A-4517-96E3-ED0F3DCADE2F}.Release|Any CPU.Build.0 = Release|Any CPU
	EndGlobalSection
	GlobalSection(SolutionProperties) = preSolution
		HideSolutionNode = FALSE
	EndGlobalSection
	GlobalSection(ExtensibilityGlobals) = postSolution
		SolutionGuid = {0B58328A-7275-4951-9FEB-9D35009B4928}
	EndGlobalSection
EndGlobal
